
Microsoft Visual Studio Solution File, Format Version 12.00
# Visual Studio Version 17
VisualStudioVersion = 17.3.32901.215
MinimumVisualStudioVersion = 10.0.40219.1
Project("{FAE04EC0-301F-11D3-BF4B-00C04F79EFBC}") = "Day5Assignment", "Day5Assignment\Day5Assignment.csproj", "{EE7B8BC2-E010-49FE-9FDE-48BC013249E5}"
EndProject
Global
	GlobalSection(SolutionConfigurationPlatforms) = preSolution
		Debug|Any CPU = Debug|Any CPU
		Release|Any CPU = Release|Any CPU
	EndGlobalSection
	GlobalSection(ProjectConfigurationPlatforms) = postSolution
		{EE7B8BC2-E010-49FE-9FDE-48BC013249E5}.Debug|Any CPU.ActiveCfg = Debug|Any CPU
		{EE7B8BC2-E010-49FE-9FDE-48BC013249E5}.Debug|Any CPU.Build.0 = Debug|Any CPU
		{EE7B8BC2-E010-49FE-9FDE-48BC013249E5}.Release|Any CPU.ActiveCfg = Release|Any CPU
		{EE7B8BC2-E010-49FE-9FDE-48BC013249E5}.Release|Any CPU.Build.0 = Release|Any CPU
	EndGlobalSection
	GlobalSection(SolutionProperties) = preSolution
		HideSolutionNode = FALSE
	EndGlobalSection
	GlobalSection(ExtensibilityGlobals) = postSolution
		SolutionGuid = {4F6CC54B-3B8E-418F-BF82-2596EC36CFB8}
	EndGlobalSection
EndGlobal
